
Microsoft Visual Studio Solution File, Format Version 12.00
# Visual Studio 14
VisualStudioVersion = 14.0.25420.1
MinimumVisualStudioVersion = 10.0.40219.1
Project("{FAE04EC0-301F-11D3-BF4B-00C04F79EFBC}") = "hmTank", "hmTank\hmTank.csproj", "{D9A79888-DD84-4F75-A8A4-8D03546F8840}"
EndProject
Global
	GlobalSection(SolutionConfigurationPlatforms) = preSolution
		Debug|Any CPU = Debug|Any CPU
		Release|Any CPU = Release|Any CPU
	EndGlobalSection
	GlobalSection(ProjectConfigurationPlatforms) = postSolution
		{D9A79888-DD84-4F75-A8A4-8D03546F8840}.Debug|Any CPU.ActiveCfg = Debug|Any CPU
		{D9A79888-DD84-4F75-A8A4-8D03546F8840}.Debug|Any CPU.Build.0 = Debug|Any CPU
		{D9A79888-DD84-4F75-A8A4-8D03546F8840}.Release|Any CPU.ActiveCfg = Release|Any CPU
		{D9A79888-DD84-4F75-A8A4-8D03546F8840}.Release|Any CPU.Build.0 = Release|Any CPU
	EndGlobalSection
	GlobalSection(SolutionProperties) = preSolution
		HideSolutionNode = FALSE
	EndGlobalSection
EndGlobal
